// !$*UTF8*$!
{
	archiveVersion = 1;
	classes = {
	};
	objectVersion = 46;
	objects = {

/* Begin PBXBuildFile section */
		45201A0B19FDB79F008F19EA /* RIButtonItem.m in Sources */ = {isa = PBXBuildFile; fileRef = 45201A0619FDB79F008F19EA /* RIButtonItem.m */; };
		45201A0C19FDB79F008F19EA /* RIButtonItem.m in Sources */ = {isa = PBXBuildFile; fileRef = 45201A0619FDB79F008F19EA /* RIButtonItem.m */; };
		45201A0D19FDB79F008F19EA /* UIActionSheet+Blocks.m in Sources */ = {isa = PBXBuildFile; fileRef = 45201A0819FDB79F008F19EA /* UIActionSheet+Blocks.m */; };
		45201A0E19FDB79F008F19EA /* UIActionSheet+Blocks.m in Sources */ = {isa = PBXBuildFile; fileRef = 45201A0819FDB79F008F19EA /* UIActionSheet+Blocks.m */; };
		45201A0F19FDB79F008F19EA /* UIAlertView+Blocks.m in Sources */ = {isa = PBXBuildFile; fileRef = 45201A0A19FDB79F008F19EA /* UIAlertView+Blocks.m */; };
		45201A1019FDB79F008F19EA /* UIAlertView+Blocks.m in Sources */ = {isa = PBXBuildFile; fileRef = 45201A0A19FDB79F008F19EA /* UIAlertView+Blocks.m */; };
		455D3A0B19FA61B50038E78F /* ProgressHUD.bundle in Resources */ = {isa = PBXBuildFile; fileRef = 455D3A0819FA61B50038E78F /* ProgressHUD.bundle */; };
		455D3A0C19FA61B50038E78F /* ProgressHUD.m in Sources */ = {isa = PBXBuildFile; fileRef = 455D3A0A19FA61B50038E78F /* ProgressHUD.m */; };
		455D3A0F19FA6DDA0038E78F /* LocalNotificationManager.m in Sources */ = {isa = PBXBuildFile; fileRef = 45E3F65719F7DBD500E9A8EB /* LocalNotificationManager.m */; };
		455D3A1019FA6DDA0038E78F /* ProgressHUD.m in Sources */ = {isa = PBXBuildFile; fileRef = 455D3A0A19FA61B50038E78F /* ProgressHUD.m */; };
		455D3A1119FA6DDA0038E78F /* UIFont+Cleaner.m in Sources */ = {isa = PBXBuildFile; fileRef = 45C4A95719ED42C8001EB55C /* UIFont+Cleaner.m */; };
		455D3A1219FA6DDA0038E78F /* AppSettings.m in Sources */ = {isa = PBXBuildFile; fileRef = 45E3F65F19F7ECB700E9A8EB /* AppSettings.m */; };
		455D3A1319FA6DDA0038E78F /* CleanerDetailController.m in Sources */ = {isa = PBXBuildFile; fileRef = 45760F1C19EBB74B004640D7 /* CleanerDetailController.m */; };
		455D3A1419FA6DDA0038E78F /* AJNotificationView.m in Sources */ = {isa = PBXBuildFile; fileRef = 45E3F65B19F7E29300E9A8EB /* AJNotificationView.m */; };
		455D3A1519FA6DDA0038E78F /* ViewController.m in Sources */ = {isa = PBXBuildFile; fileRef = 45760EE319EB8477004640D7 /* ViewController.m */; };
		455D3A1619FA6DDA0038E78F /* AppDelegate.m in Sources */ = {isa = PBXBuildFile; fileRef = 45760EE019EB8477004640D7 /* AppDelegate.m */; };
		455D3A1719FA6DDA0038E78F /* ClientDetailController.m in Sources */ = {isa = PBXBuildFile; fileRef = 45760F1619EB9383004640D7 /* ClientDetailController.m */; };
		455D3A1819FA6DDA0038E78F /* JobQueue.m in Sources */ = {isa = PBXBuildFile; fileRef = 458FCD5E19EFF2F9000E6E66 /* JobQueue.m */; };
		455D3A1919FA6DDA0038E78F /* NSMutableAttributedString+Attributes.m in Sources */ = {isa = PBXBuildFile; fileRef = 45C4A96419ED5B3A001EB55C /* NSMutableAttributedString+Attributes.m */; };
		455D3A1A19FA6DDA0038E78F /* main.m in Sources */ = {isa = PBXBuildFile; fileRef = 45760EDD19EB8477004640D7 /* main.m */; };
		455D3A1B19FA6DDA0038E78F /* PLPartyTime.m in Sources */ = {isa = PBXBuildFile; fileRef = 45760F1219EB86EE004640D7 /* PLPartyTime.m */; };
		455D3A1E19FA6DDA0038E78F /* ProgressHUD.bundle in Resources */ = {isa = PBXBuildFile; fileRef = 455D3A0819FA61B50038E78F /* ProgressHUD.bundle */; };
		455D3A1F19FA6DDA0038E78F /* Main.storyboard in Resources */ = {isa = PBXBuildFile; fileRef = 45760EE519EB8477004640D7 /* Main.storyboard */; };
		455D3A2019FA6DDA0038E78F /* Agenda-MediumCond.ttf in Resources */ = {isa = PBXBuildFile; fileRef = 45C4A95D19ED4418001EB55C /* Agenda-MediumCond.ttf */; };
		455D3A2119FA6DDA0038E78F /* Agenda-Medium.ttf in Resources */ = {isa = PBXBuildFile; fileRef = 45C4A95C19ED4418001EB55C /* Agenda-Medium.ttf */; };
		455D3A2219FA6DDA0038E78F /* LaunchScreen.xib in Resources */ = {isa = PBXBuildFile; fileRef = 458797C419EEAF8A0022968F /* LaunchScreen.xib */; };
		455D3A2319FA6DDA0038E78F /* Agenda-Bold.ttf in Resources */ = {isa = PBXBuildFile; fileRef = 45C4A95A19ED4418001EB55C /* Agenda-Bold.ttf */; };
		455D3A2419FA6DDA0038E78F /* Images.xcassets in Resources */ = {isa = PBXBuildFile; fileRef = 45760EE819EB8477004640D7 /* Images.xcassets */; };
		455D3A2519FA6DDA0038E78F /* Agenda-BoldCond.ttf in Resources */ = {isa = PBXBuildFile; fileRef = 45C4A95B19ED4418001EB55C /* Agenda-BoldCond.ttf */; };
		45760EDE19EB8477004640D7 /* main.m in Sources */ = {isa = PBXBuildFile; fileRef = 45760EDD19EB8477004640D7 /* main.m */; };
		45760EE119EB8477004640D7 /* AppDelegate.m in Sources */ = {isa = PBXBuildFile; fileRef = 45760EE019EB8477004640D7 /* AppDelegate.m */; };
		45760EE419EB8477004640D7 /* ViewController.m in Sources */ = {isa = PBXBuildFile; fileRef = 45760EE319EB8477004640D7 /* ViewController.m */; };
		45760EE719EB8477004640D7 /* Main.storyboard in Resources */ = {isa = PBXBuildFile; fileRef = 45760EE519EB8477004640D7 /* Main.storyboard */; };
		45760EE919EB8477004640D7 /* Images.xcassets in Resources */ = {isa = PBXBuildFile; fileRef = 45760EE819EB8477004640D7 /* Images.xcassets */; };
		45760EF819EB8477004640D7 /* CleanerTests.m in Sources */ = {isa = PBXBuildFile; fileRef = 45760EF719EB8477004640D7 /* CleanerTests.m */; };
		45760F1319EB86EE004640D7 /* PLPartyTime.m in Sources */ = {isa = PBXBuildFile; fileRef = 45760F1219EB86EE004640D7 /* PLPartyTime.m */; };
		45760F1719EB9383004640D7 /* ClientDetailController.m in Sources */ = {isa = PBXBuildFile; fileRef = 45760F1619EB9383004640D7 /* ClientDetailController.m */; };
		45760F1D19EBB74B004640D7 /* CleanerDetailController.m in Sources */ = {isa = PBXBuildFile; fileRef = 45760F1C19EBB74B004640D7 /* CleanerDetailController.m */; };
		458797C619EEAF8A0022968F /* LaunchScreen.xib in Resources */ = {isa = PBXBuildFile; fileRef = 458797C419EEAF8A0022968F /* LaunchScreen.xib */; };
		458FCD5F19EFF2F9000E6E66 /* JobQueue.m in Sources */ = {isa = PBXBuildFile; fileRef = 458FCD5E19EFF2F9000E6E66 /* JobQueue.m */; };
		45C4A95819ED42C8001EB55C /* UIFont+Cleaner.m in Sources */ = {isa = PBXBuildFile; fileRef = 45C4A95719ED42C8001EB55C /* UIFont+Cleaner.m */; };
		45C4A95E19ED4418001EB55C /* Agenda-Bold.ttf in Resources */ = {isa = PBXBuildFile; fileRef = 45C4A95A19ED4418001EB55C /* Agenda-Bold.ttf */; };
		45C4A95F19ED4418001EB55C /* Agenda-BoldCond.ttf in Resources */ = {isa = PBXBuildFile; fileRef = 45C4A95B19ED4418001EB55C /* Agenda-BoldCond.ttf */; };
		45C4A96019ED4418001EB55C /* Agenda-Medium.ttf in Resources */ = {isa = PBXBuildFile; fileRef = 45C4A95C19ED4418001EB55C /* Agenda-Medium.ttf */; };
		45C4A96119ED4418001EB55C /* Agenda-MediumCond.ttf in Resources */ = {isa = PBXBuildFile; fileRef = 45C4A95D19ED4418001EB55C /* Agenda-MediumCond.ttf */; };
		45C4A96519ED5B3A001EB55C /* NSMutableAttributedString+Attributes.m in Sources */ = {isa = PBXBuildFile; fileRef = 45C4A96419ED5B3A001EB55C /* NSMutableAttributedString+Attributes.m */; };
		45E3F65819F7DBD500E9A8EB /* LocalNotificationManager.m in Sources */ = {isa = PBXBuildFile; fileRef = 45E3F65719F7DBD500E9A8EB /* LocalNotificationManager.m */; };
		45E3F65C19F7E29300E9A8EB /* AJNotificationView.m in Sources */ = {isa = PBXBuildFile; fileRef = 45E3F65B19F7E29300E9A8EB /* AJNotificationView.m */; };
		45E3F66019F7ECB700E9A8EB /* AppSettings.m in Sources */ = {isa = PBXBuildFile; fileRef = 45E3F65F19F7ECB700E9A8EB /* AppSettings.m */; };
		5C99E5FC1A0B4B87002AE1E8 /* UIColor+Cleaner.m in Sources */ = {isa = PBXBuildFile; fileRef = 5C99E5FB1A0B4B87002AE1E8 /* UIColor+Cleaner.m */; };
/* End PBXBuildFile section */

/* Begin PBXContainerItemProxy section */
		45760EF219EB8477004640D7 /* PBXContainerItemProxy */ = {
			isa = PBXContainerItemProxy;
			containerPortal = 45760ED019EB8477004640D7 /* Project object */;
			proxyType = 1;
			remoteGlobalIDString = 45760ED719EB8477004640D7;
			remoteInfo = Cleaner;
		};
/* End PBXContainerItemProxy section */

/* Begin PBXFileReference section */
		45201A0519FDB79F008F19EA /* RIButtonItem.h */ = {isa = PBXFileReference; fileEncoding = 4; lastKnownFileType = sourcecode.c.h; path = RIButtonItem.h; sourceTree = "<group>"; };
		45201A0619FDB79F008F19EA /* RIButtonItem.m */ = {isa = PBXFileReference; fileEncoding = 4; lastKnownFileType = sourcecode.c.objc; path = RIButtonItem.m; sourceTree = "<group>"; };
		45201A0719FDB79F008F19EA /* UIActionSheet+Blocks.h */ = {isa = PBXFileReference; fileEncoding = 4; lastKnownFileType = sourcecode.c.h; path = "UIActionSheet+Blocks.h"; sourceTree = "<group>"; };
		45201A0819FDB79F008F19EA /* UIActionSheet+Blocks.m */ = {isa = PBXFileReference; fileEncoding = 4; lastKnownFileType = sourcecode.c.objc; path = "UIActionSheet+Blocks.m"; sourceTree = "<group>"; };
		45201A0919FDB79F008F19EA /* UIAlertView+Blocks.h */ = {isa = PBXFileReference; fileEncoding = 4; lastKnownFileType = sourcecode.c.h; path = "UIAlertView+Blocks.h"; sourceTree = "<group>"; };
		45201A0A19FDB79F008F19EA /* UIAlertView+Blocks.m */ = {isa = PBXFileReference; fileEncoding = 4; lastKnownFileType = sourcecode.c.objc; path = "UIAlertView+Blocks.m"; sourceTree = "<group>"; };
		455D3A0819FA61B50038E78F /* ProgressHUD.bundle */ = {isa = PBXFileReference; lastKnownFileType = "wrapper.plug-in"; path = ProgressHUD.bundle; sourceTree = "<group>"; };
		455D3A0919FA61B50038E78F /* ProgressHUD.h */ = {isa = PBXFileReference; fileEncoding = 4; lastKnownFileType = sourcecode.c.h; path = ProgressHUD.h; sourceTree = "<group>"; };
		455D3A0A19FA61B50038E78F /* ProgressHUD.m */ = {isa = PBXFileReference; fileEncoding = 4; lastKnownFileType = sourcecode.c.objc; path = ProgressHUD.m; sourceTree = "<group>"; };
		455D3A2919FA6DDA0038E78F /* Cleaner copy.app */ = {isa = PBXFileReference; explicitFileType = wrapper.application; includeInIndex = 0; path = "Cleaner copy.app"; sourceTree = BUILT_PRODUCTS_DIR; };
		455D3A2A19FA6DDA0038E78F /* Cleaner copy-Info.plist */ = {isa = PBXFileReference; lastKnownFileType = text.plist.xml; name = "Cleaner copy-Info.plist"; path = "/Users/air/yunas-air/iPhoneProjects/COEUS/MetaDesign/Cleaner/Cleaner/Cleaner/Cleaner copy-Info.plist"; sourceTree = "<absolute>"; };
		45760ED819EB8477004640D7 /* Cleaner.app */ = {isa = PBXFileReference; explicitFileType = wrapper.application; includeInIndex = 0; path = Cleaner.app; sourceTree = BUILT_PRODUCTS_DIR; };
		45760EDC19EB8477004640D7 /* Info.plist */ = {isa = PBXFileReference; lastKnownFileType = text.plist.xml; path = Info.plist; sourceTree = "<group>"; };
		45760EDD19EB8477004640D7 /* main.m */ = {isa = PBXFileReference; lastKnownFileType = sourcecode.c.objc; path = main.m; sourceTree = "<group>"; };
		45760EDF19EB8477004640D7 /* AppDelegate.h */ = {isa = PBXFileReference; lastKnownFileType = sourcecode.c.h; path = AppDelegate.h; sourceTree = "<group>"; };
		45760EE019EB8477004640D7 /* AppDelegate.m */ = {isa = PBXFileReference; lastKnownFileType = sourcecode.c.objc; path = AppDelegate.m; sourceTree = "<group>"; };
		45760EE219EB8477004640D7 /* ViewController.h */ = {isa = PBXFileReference; lastKnownFileType = sourcecode.c.h; path = ViewController.h; sourceTree = "<group>"; };
		45760EE319EB8477004640D7 /* ViewController.m */ = {isa = PBXFileReference; lastKnownFileType = sourcecode.c.objc; path = ViewController.m; sourceTree = "<group>"; };
		45760EE619EB8477004640D7 /* Base */ = {isa = PBXFileReference; lastKnownFileType = file.storyboard; name = Base; path = Base.lproj/Main.storyboard; sourceTree = "<group>"; };
		45760EE819EB8477004640D7 /* Images.xcassets */ = {isa = PBXFileReference; lastKnownFileType = folder.assetcatalog; path = Images.xcassets; sourceTree = "<group>"; };
		45760EF119EB8477004640D7 /* CleanerTests.xctest */ = {isa = PBXFileReference; explicitFileType = wrapper.cfbundle; includeInIndex = 0; path = CleanerTests.xctest; sourceTree = BUILT_PRODUCTS_DIR; };
		45760EF619EB8477004640D7 /* Info.plist */ = {isa = PBXFileReference; lastKnownFileType = text.plist.xml; path = Info.plist; sourceTree = "<group>"; };
		45760EF719EB8477004640D7 /* CleanerTests.m */ = {isa = PBXFileReference; lastKnownFileType = sourcecode.c.objc; path = CleanerTests.m; sourceTree = "<group>"; };
		45760F1119EB86EE004640D7 /* PLPartyTime.h */ = {isa = PBXFileReference; fileEncoding = 4; lastKnownFileType = sourcecode.c.h; path = PLPartyTime.h; sourceTree = "<group>"; };
		45760F1219EB86EE004640D7 /* PLPartyTime.m */ = {isa = PBXFileReference; fileEncoding = 4; lastKnownFileType = sourcecode.c.objc; path = PLPartyTime.m; sourceTree = "<group>"; };
		45760F1519EB9383004640D7 /* ClientDetailController.h */ = {isa = PBXFileReference; fileEncoding = 4; lastKnownFileType = sourcecode.c.h; name = ClientDetailController.h; path = ClientDetailController/ClientDetailController.h; sourceTree = "<group>"; };
		45760F1619EB9383004640D7 /* ClientDetailController.m */ = {isa = PBXFileReference; fileEncoding = 4; lastKnownFileType = sourcecode.c.objc; name = ClientDetailController.m; path = ClientDetailController/ClientDetailController.m; sourceTree = "<group>"; };
		45760F1819EBA317004640D7 /* Cleaner-prefix.pch */ = {isa = PBXFileReference; lastKnownFileType = sourcecode.c.h; path = "Cleaner-prefix.pch"; sourceTree = "<group>"; };
		45760F1919EBA7D3004640D7 /* Macros.h */ = {isa = PBXFileReference; lastKnownFileType = sourcecode.c.h; path = Macros.h; sourceTree = "<group>"; };
		45760F1B19EBB74B004640D7 /* CleanerDetailController.h */ = {isa = PBXFileReference; fileEncoding = 4; lastKnownFileType = sourcecode.c.h; name = CleanerDetailController.h; path = CleanerDetailController/CleanerDetailController.h; sourceTree = "<group>"; };
		45760F1C19EBB74B004640D7 /* CleanerDetailController.m */ = {isa = PBXFileReference; fileEncoding = 4; lastKnownFileType = sourcecode.c.objc; name = CleanerDetailController.m; path = CleanerDetailController/CleanerDetailController.m; sourceTree = "<group>"; };
		458797C519EEAF8A0022968F /* Base */ = {isa = PBXFileReference; lastKnownFileType = file.xib; name = Base; path = Base.lproj/LaunchScreen.xib; sourceTree = "<group>"; };
		458FCD5D19EFF2F9000E6E66 /* JobQueue.h */ = {isa = PBXFileReference; fileEncoding = 4; lastKnownFileType = sourcecode.c.h; name = JobQueue.h; path = Backend/JobQueue/JobQueue.h; sourceTree = "<group>"; };
		458FCD5E19EFF2F9000E6E66 /* JobQueue.m */ = {isa = PBXFileReference; fileEncoding = 4; lastKnownFileType = sourcecode.c.objc; name = JobQueue.m; path = Backend/JobQueue/JobQueue.m; sourceTree = "<group>"; };
		45C4A95619ED42C8001EB55C /* UIFont+Cleaner.h */ = {isa = PBXFileReference; fileEncoding = 4; lastKnownFileType = sourcecode.c.h; name = "UIFont+Cleaner.h"; path = "Backend/Extensions/UIFont+Cleaner.h"; sourceTree = "<group>"; };
		45C4A95719ED42C8001EB55C /* UIFont+Cleaner.m */ = {isa = PBXFileReference; fileEncoding = 4; lastKnownFileType = sourcecode.c.objc; name = "UIFont+Cleaner.m"; path = "Backend/Extensions/UIFont+Cleaner.m"; sourceTree = "<group>"; };
		45C4A95A19ED4418001EB55C /* Agenda-Bold.ttf */ = {isa = PBXFileReference; lastKnownFileType = file; path = "Agenda-Bold.ttf"; sourceTree = "<group>"; };
		45C4A95B19ED4418001EB55C /* Agenda-BoldCond.ttf */ = {isa = PBXFileReference; lastKnownFileType = file; path = "Agenda-BoldCond.ttf"; sourceTree = "<group>"; };
		45C4A95C19ED4418001EB55C /* Agenda-Medium.ttf */ = {isa = PBXFileReference; lastKnownFileType = file; path = "Agenda-Medium.ttf"; sourceTree = "<group>"; };
		45C4A95D19ED4418001EB55C /* Agenda-MediumCond.ttf */ = {isa = PBXFileReference; lastKnownFileType = file; path = "Agenda-MediumCond.ttf"; sourceTree = "<group>"; };
		45C4A96319ED5B3A001EB55C /* NSMutableAttributedString+Attributes.h */ = {isa = PBXFileReference; fileEncoding = 4; lastKnownFileType = sourcecode.c.h; path = "NSMutableAttributedString+Attributes.h"; sourceTree = "<group>"; };
		45C4A96419ED5B3A001EB55C /* NSMutableAttributedString+Attributes.m */ = {isa = PBXFileReference; fileEncoding = 4; lastKnownFileType = sourcecode.c.objc; path = "NSMutableAttributedString+Attributes.m"; sourceTree = "<group>"; };
		45E3F65619F7DBD500E9A8EB /* LocalNotificationManager.h */ = {isa = PBXFileReference; fileEncoding = 4; lastKnownFileType = sourcecode.c.h; name = LocalNotificationManager.h; path = Backend/LocalNotificationManager/LocalNotificationManager.h; sourceTree = "<group>"; };
		45E3F65719F7DBD500E9A8EB /* LocalNotificationManager.m */ = {isa = PBXFileReference; fileEncoding = 4; lastKnownFileType = sourcecode.c.objc; name = LocalNotificationManager.m; path = Backend/LocalNotificationManager/LocalNotificationManager.m; sourceTree = "<group>"; };
		45E3F65A19F7E29300E9A8EB /* AJNotificationView.h */ = {isa = PBXFileReference; fileEncoding = 4; lastKnownFileType = sourcecode.c.h; path = AJNotificationView.h; sourceTree = "<group>"; };
		45E3F65B19F7E29300E9A8EB /* AJNotificationView.m */ = {isa = PBXFileReference; fileEncoding = 4; lastKnownFileType = sourcecode.c.objc; path = AJNotificationView.m; sourceTree = "<group>"; };
		45E3F65E19F7ECB700E9A8EB /* AppSettings.h */ = {isa = PBXFileReference; fileEncoding = 4; lastKnownFileType = sourcecode.c.h; path = AppSettings.h; sourceTree = "<group>"; };
		45E3F65F19F7ECB700E9A8EB /* AppSettings.m */ = {isa = PBXFileReference; fileEncoding = 4; lastKnownFileType = sourcecode.c.objc; path = AppSettings.m; sourceTree = "<group>"; };
		5C99E5FA1A0B4B87002AE1E8 /* UIColor+Cleaner.h */ = {isa = PBXFileReference; fileEncoding = 4; lastKnownFileType = sourcecode.c.h; name = "UIColor+Cleaner.h"; path = "Backend/Extensions/UIColor+Cleaner.h"; sourceTree = "<group>"; };
		5C99E5FB1A0B4B87002AE1E8 /* UIColor+Cleaner.m */ = {isa = PBXFileReference; fileEncoding = 4; lastKnownFileType = sourcecode.c.objc; name = "UIColor+Cleaner.m"; path = "Backend/Extensions/UIColor+Cleaner.m"; sourceTree = "<group>"; };
/* End PBXFileReference section */

/* Begin PBXFrameworksBuildPhase section */
		455D3A1C19FA6DDA0038E78F /* Frameworks */ = {
			isa = PBXFrameworksBuildPhase;
			buildActionMask = 2147483647;
			files = (
			);
			runOnlyForDeploymentPostprocessing = 0;
		};
		45760ED519EB8477004640D7 /* Frameworks */ = {
			isa = PBXFrameworksBuildPhase;
			buildActionMask = 2147483647;
			files = (
			);
			runOnlyForDeploymentPostprocessing = 0;
		};
		45760EEE19EB8477004640D7 /* Frameworks */ = {
			isa = PBXFrameworksBuildPhase;
			buildActionMask = 2147483647;
			files = (
			);
			runOnlyForDeploymentPostprocessing = 0;
		};
/* End PBXFrameworksBuildPhase section */

/* Begin PBXGroup section */
		45201A0419FDB79F008F19EA /* BlockAlertView */ = {
			isa = PBXGroup;
			children = (
				45201A0519FDB79F008F19EA /* RIButtonItem.h */,
				45201A0619FDB79F008F19EA /* RIButtonItem.m */,
				45201A0719FDB79F008F19EA /* UIActionSheet+Blocks.h */,
				45201A0819FDB79F008F19EA /* UIActionSheet+Blocks.m */,
				45201A0919FDB79F008F19EA /* UIAlertView+Blocks.h */,
				45201A0A19FDB79F008F19EA /* UIAlertView+Blocks.m */,
			);
			path = BlockAlertView;
			sourceTree = "<group>";
		};
		455D3A0719FA61B50038E78F /* ProgressHUD */ = {
			isa = PBXGroup;
			children = (
				455D3A0819FA61B50038E78F /* ProgressHUD.bundle */,
				455D3A0919FA61B50038E78F /* ProgressHUD.h */,
				455D3A0A19FA61B50038E78F /* ProgressHUD.m */,
			);
			path = ProgressHUD;
			sourceTree = "<group>";
		};
		45760ECF19EB8477004640D7 = {
			isa = PBXGroup;
			children = (
				45760EDA19EB8477004640D7 /* Cleaner */,
				45760EF419EB8477004640D7 /* CleanerTests */,
				45760ED919EB8477004640D7 /* Products */,
				455D3A2A19FA6DDA0038E78F /* Cleaner copy-Info.plist */,
			);
			sourceTree = "<group>";
		};
		45760ED919EB8477004640D7 /* Products */ = {
			isa = PBXGroup;
			children = (
				45760ED819EB8477004640D7 /* Cleaner.app */,
				45760EF119EB8477004640D7 /* CleanerTests.xctest */,
				455D3A2919FA6DDA0038E78F /* Cleaner copy.app */,
			);
			name = Products;
			sourceTree = "<group>";
		};
		45760EDA19EB8477004640D7 /* Cleaner */ = {
			isa = PBXGroup;
			children = (
				45C4A95919ED4418001EB55C /* Fonts */,
				45C4A95319ED40F3001EB55C /* Backend */,
				45760F1A19EBB737004640D7 /* CleanerDetailController */,
				45760F1419EB933B004640D7 /* ClientDetailController */,
				45760F0F19EB86EE004640D7 /* Thirdparty */,
				45760EDF19EB8477004640D7 /* AppDelegate.h */,
				45760EE019EB8477004640D7 /* AppDelegate.m */,
				45760EE219EB8477004640D7 /* ViewController.h */,
				45760EE319EB8477004640D7 /* ViewController.m */,
				458797C419EEAF8A0022968F /* LaunchScreen.xib */,
				45760EE519EB8477004640D7 /* Main.storyboard */,
				45760EE819EB8477004640D7 /* Images.xcassets */,
				45760EDB19EB8477004640D7 /* Supporting Files */,
				45760F1919EBA7D3004640D7 /* Macros.h */,
			);
			path = Cleaner;
			sourceTree = "<group>";
		};
		45760EDB19EB8477004640D7 /* Supporting Files */ = {
			isa = PBXGroup;
			children = (
				45760EDC19EB8477004640D7 /* Info.plist */,
				45760EDD19EB8477004640D7 /* main.m */,
			);
			name = "Supporting Files";
			sourceTree = "<group>";
		};
		45760EF419EB8477004640D7 /* CleanerTests */ = {
			isa = PBXGroup;
			children = (
				45760EF719EB8477004640D7 /* CleanerTests.m */,
				45760EF519EB8477004640D7 /* Supporting Files */,
			);
			path = CleanerTests;
			sourceTree = "<group>";
		};
		45760EF519EB8477004640D7 /* Supporting Files */ = {
			isa = PBXGroup;
			children = (
				45760EF619EB8477004640D7 /* Info.plist */,
				45760F1819EBA317004640D7 /* Cleaner-prefix.pch */,
			);
			name = "Supporting Files";
			sourceTree = "<group>";
		};
		45760F0F19EB86EE004640D7 /* Thirdparty */ = {
			isa = PBXGroup;
			children = (
				45201A0419FDB79F008F19EA /* BlockAlertView */,
				455D3A0719FA61B50038E78F /* ProgressHUD */,
				45E3F65919F7E29300E9A8EB /* AJNotificationView */,
				45760F1019EB86EE004640D7 /* PLPartyTime */,
			);
			path = Thirdparty;
			sourceTree = "<group>";
		};
		45760F1019EB86EE004640D7 /* PLPartyTime */ = {
			isa = PBXGroup;
			children = (
				45760F1119EB86EE004640D7 /* PLPartyTime.h */,
				45760F1219EB86EE004640D7 /* PLPartyTime.m */,
			);
			path = PLPartyTime;
			sourceTree = "<group>";
		};
		45760F1419EB933B004640D7 /* ClientDetailController */ = {
			isa = PBXGroup;
			children = (
				45760F1519EB9383004640D7 /* ClientDetailController.h */,
				45760F1619EB9383004640D7 /* ClientDetailController.m */,
			);
			name = ClientDetailController;
			sourceTree = "<group>";
		};
		45760F1A19EBB737004640D7 /* CleanerDetailController */ = {
			isa = PBXGroup;
			children = (
				45760F1B19EBB74B004640D7 /* CleanerDetailController.h */,
				45760F1C19EBB74B004640D7 /* CleanerDetailController.m */,
			);
			name = CleanerDetailController;
			sourceTree = "<group>";
		};
		458FCD5C19EFF2A1000E6E66 /* JobQueue */ = {
			isa = PBXGroup;
			children = (
				458FCD5D19EFF2F9000E6E66 /* JobQueue.h */,
				458FCD5E19EFF2F9000E6E66 /* JobQueue.m */,
			);
			name = JobQueue;
			sourceTree = "<group>";
		};
		45C4A95319ED40F3001EB55C /* Backend */ = {
			isa = PBXGroup;
			children = (
				45E3F65D19F7ECB700E9A8EB /* AppSettings */,
				45E3F65519F7DBAF00E9A8EB /* LocalNotificationManager */,
				458FCD5C19EFF2A1000E6E66 /* JobQueue */,
				45C4A96219ED5B3A001EB55C /* AttributedStrings */,
				45C4A95419ED40F9001EB55C /* Extensions */,
			);
			name = Backend;
			sourceTree = "<group>";
		};
		45C4A95419ED40F9001EB55C /* Extensions */ = {
			isa = PBXGroup;
			children = (
				5C99E5FA1A0B4B87002AE1E8 /* UIColor+Cleaner.h */,
				5C99E5FB1A0B4B87002AE1E8 /* UIColor+Cleaner.m */,
				45C4A95619ED42C8001EB55C /* UIFont+Cleaner.h */,
				45C4A95719ED42C8001EB55C /* UIFont+Cleaner.m */,
			);
			name = Extensions;
			sourceTree = "<group>";
		};
		45C4A95919ED4418001EB55C /* Fonts */ = {
			isa = PBXGroup;
			children = (
				45C4A95A19ED4418001EB55C /* Agenda-Bold.ttf */,
				45C4A95B19ED4418001EB55C /* Agenda-BoldCond.ttf */,
				45C4A95C19ED4418001EB55C /* Agenda-Medium.ttf */,
				45C4A95D19ED4418001EB55C /* Agenda-MediumCond.ttf */,
			);
			path = Fonts;
			sourceTree = SOURCE_ROOT;
		};
		45C4A96219ED5B3A001EB55C /* AttributedStrings */ = {
			isa = PBXGroup;
			children = (
				45C4A96319ED5B3A001EB55C /* NSMutableAttributedString+Attributes.h */,
				45C4A96419ED5B3A001EB55C /* NSMutableAttributedString+Attributes.m */,
			);
			name = AttributedStrings;
			path = Backend/AttributedStrings;
			sourceTree = "<group>";
		};
		45E3F65519F7DBAF00E9A8EB /* LocalNotificationManager */ = {
			isa = PBXGroup;
			children = (
				45E3F65619F7DBD500E9A8EB /* LocalNotificationManager.h */,
				45E3F65719F7DBD500E9A8EB /* LocalNotificationManager.m */,
			);
			name = LocalNotificationManager;
			sourceTree = "<group>";
		};
		45E3F65919F7E29300E9A8EB /* AJNotificationView */ = {
			isa = PBXGroup;
			children = (
				45E3F65A19F7E29300E9A8EB /* AJNotificationView.h */,
				45E3F65B19F7E29300E9A8EB /* AJNotificationView.m */,
			);
			path = AJNotificationView;
			sourceTree = "<group>";
		};
		45E3F65D19F7ECB700E9A8EB /* AppSettings */ = {
			isa = PBXGroup;
			children = (
				45E3F65E19F7ECB700E9A8EB /* AppSettings.h */,
				45E3F65F19F7ECB700E9A8EB /* AppSettings.m */,
			);
			name = AppSettings;
			path = Backend/AppSettings;
			sourceTree = "<group>";
		};
/* End PBXGroup section */

/* Begin PBXNativeTarget section */
		455D3A0D19FA6DDA0038E78F /* DevCleaner */ = {
			isa = PBXNativeTarget;
			buildConfigurationList = 455D3A2619FA6DDA0038E78F /* Build configuration list for PBXNativeTarget "DevCleaner" */;
			buildPhases = (
				455D3A0E19FA6DDA0038E78F /* Sources */,
				455D3A1C19FA6DDA0038E78F /* Frameworks */,
				455D3A1D19FA6DDA0038E78F /* Resources */,
			);
			buildRules = (
			);
			dependencies = (
			);
			name = DevCleaner;
			productName = Cleaner;
			productReference = 455D3A2919FA6DDA0038E78F /* Cleaner copy.app */;
			productType = "com.apple.product-type.application";
		};
		45760ED719EB8477004640D7 /* Cleaner */ = {
			isa = PBXNativeTarget;
			buildConfigurationList = 45760EFB19EB8477004640D7 /* Build configuration list for PBXNativeTarget "Cleaner" */;
			buildPhases = (
				45760ED419EB8477004640D7 /* Sources */,
				45760ED519EB8477004640D7 /* Frameworks */,
				45760ED619EB8477004640D7 /* Resources */,
			);
			buildRules = (
			);
			dependencies = (
			);
			name = Cleaner;
			productName = Cleaner;
			productReference = 45760ED819EB8477004640D7 /* Cleaner.app */;
			productType = "com.apple.product-type.application";
		};
		45760EF019EB8477004640D7 /* CleanerTests */ = {
			isa = PBXNativeTarget;
			buildConfigurationList = 45760EFE19EB8477004640D7 /* Build configuration list for PBXNativeTarget "CleanerTests" */;
			buildPhases = (
				45760EED19EB8477004640D7 /* Sources */,
				45760EEE19EB8477004640D7 /* Frameworks */,
				45760EEF19EB8477004640D7 /* Resources */,
			);
			buildRules = (
			);
			dependencies = (
				45760EF319EB8477004640D7 /* PBXTargetDependency */,
			);
			name = CleanerTests;
			productName = CleanerTests;
			productReference = 45760EF119EB8477004640D7 /* CleanerTests.xctest */;
			productType = "com.apple.product-type.bundle.unit-test";
		};
/* End PBXNativeTarget section */

/* Begin PBXProject section */
		45760ED019EB8477004640D7 /* Project object */ = {
			isa = PBXProject;
			attributes = {
				LastUpgradeCheck = 0600;
				ORGANIZATIONNAME = metadesign;
				TargetAttributes = {
					45760ED719EB8477004640D7 = {
						CreatedOnToolsVersion = 6.0.1;
						SystemCapabilities = {
							com.apple.BackgroundModes = {
								enabled = 1;
							};
						};
					};
					45760EF019EB8477004640D7 = {
						CreatedOnToolsVersion = 6.0.1;
						TestTargetID = 45760ED719EB8477004640D7;
					};
				};
			};
			buildConfigurationList = 45760ED319EB8477004640D7 /* Build configuration list for PBXProject "Cleaner" */;
			compatibilityVersion = "Xcode 3.2";
			developmentRegion = English;
			hasScannedForEncodings = 0;
			knownRegions = (
				en,
				Base,
			);
			mainGroup = 45760ECF19EB8477004640D7;
			productRefGroup = 45760ED919EB8477004640D7 /* Products */;
			projectDirPath = "";
			projectRoot = "";
			targets = (
				45760ED719EB8477004640D7 /* Cleaner */,
				45760EF019EB8477004640D7 /* CleanerTests */,
				455D3A0D19FA6DDA0038E78F /* DevCleaner */,
			);
		};
/* End PBXProject section */

/* Begin PBXResourcesBuildPhase section */
		455D3A1D19FA6DDA0038E78F /* Resources */ = {
			isa = PBXResourcesBuildPhase;
			buildActionMask = 2147483647;
			files = (
				455D3A1E19FA6DDA0038E78F /* ProgressHUD.bundle in Resources */,
				455D3A1F19FA6DDA0038E78F /* Main.storyboard in Resources */,
				455D3A2019FA6DDA0038E78F /* Agenda-MediumCond.ttf in Resources */,
				455D3A2119FA6DDA0038E78F /* Agenda-Medium.ttf in Resources */,
				455D3A2219FA6DDA0038E78F /* LaunchScreen.xib in Resources */,
				455D3A2319FA6DDA0038E78F /* Agenda-Bold.ttf in Resources */,
				455D3A2419FA6DDA0038E78F /* Images.xcassets in Resources */,
				455D3A2519FA6DDA0038E78F /* Agenda-BoldCond.ttf in Resources */,
			);
			runOnlyForDeploymentPostprocessing = 0;
		};
		45760ED619EB8477004640D7 /* Resources */ = {
			isa = PBXResourcesBuildPhase;
			buildActionMask = 2147483647;
			files = (
				455D3A0B19FA61B50038E78F /* ProgressHUD.bundle in Resources */,
				45760EE719EB8477004640D7 /* Main.storyboard in Resources */,
				45C4A96119ED4418001EB55C /* Agenda-MediumCond.ttf in Resources */,
				45C4A96019ED4418001EB55C /* Agenda-Medium.ttf in Resources */,
				458797C619EEAF8A0022968F /* LaunchScreen.xib in Resources */,
				45C4A95E19ED4418001EB55C /* Agenda-Bold.ttf in Resources */,
				45760EE919EB8477004640D7 /* Images.xcassets in Resources */,
				45C4A95F19ED4418001EB55C /* Agenda-BoldCond.ttf in Resources */,
			);
			runOnlyForDeploymentPostprocessing = 0;
		};
		45760EEF19EB8477004640D7 /* Resources */ = {
			isa = PBXResourcesBuildPhase;
			buildActionMask = 2147483647;
			files = (
			);
			runOnlyForDeploymentPostprocessing = 0;
		};
/* End PBXResourcesBuildPhase section */

/* Begin PBXSourcesBuildPhase section */
		455D3A0E19FA6DDA0038E78F /* Sources */ = {
			isa = PBXSourcesBuildPhase;
			buildActionMask = 2147483647;
			files = (
				455D3A0F19FA6DDA0038E78F /* LocalNotificationManager.m in Sources */,
				455D3A1019FA6DDA0038E78F /* ProgressHUD.m in Sources */,
				455D3A1119FA6DDA0038E78F /* UIFont+Cleaner.m in Sources */,
				45201A0C19FDB79F008F19EA /* RIButtonItem.m in Sources */,
				455D3A1219FA6DDA0038E78F /* AppSettings.m in Sources */,
				455D3A1319FA6DDA0038E78F /* CleanerDetailController.m in Sources */,
				455D3A1419FA6DDA0038E78F /* AJNotificationView.m in Sources */,
				455D3A1519FA6DDA0038E78F /* ViewController.m in Sources */,
				455D3A1619FA6DDA0038E78F /* AppDelegate.m in Sources */,
				45201A1019FDB79F008F19EA /* UIAlertView+Blocks.m in Sources */,
				455D3A1719FA6DDA0038E78F /* ClientDetailController.m in Sources */,
				455D3A1819FA6DDA0038E78F /* JobQueue.m in Sources */,
				455D3A1919FA6DDA0038E78F /* NSMutableAttributedString+Attributes.m in Sources */,
				455D3A1A19FA6DDA0038E78F /* main.m in Sources */,
				45201A0E19FDB79F008F19EA /* UIActionSheet+Blocks.m in Sources */,
				455D3A1B19FA6DDA0038E78F /* PLPartyTime.m in Sources */,
			);
			runOnlyForDeploymentPostprocessing = 0;
		};
		45760ED419EB8477004640D7 /* Sources */ = {
			isa = PBXSourcesBuildPhase;
			buildActionMask = 2147483647;
			files = (
				45E3F65819F7DBD500E9A8EB /* LocalNotificationManager.m in Sources */,
				455D3A0C19FA61B50038E78F /* ProgressHUD.m in Sources */,
				45C4A95819ED42C8001EB55C /* UIFont+Cleaner.m in Sources */,
				45201A0B19FDB79F008F19EA /* RIButtonItem.m in Sources */,
				45E3F66019F7ECB700E9A8EB /* AppSettings.m in Sources */,
				45760F1D19EBB74B004640D7 /* CleanerDetailController.m in Sources */,
				45E3F65C19F7E29300E9A8EB /* AJNotificationView.m in Sources */,
				45760EE419EB8477004640D7 /* ViewController.m in Sources */,
				45760EE119EB8477004640D7 /* AppDelegate.m in Sources */,
				45201A0F19FDB79F008F19EA /* UIAlertView+Blocks.m in Sources */,
				5C99E5FC1A0B4B87002AE1E8 /* UIColor+Cleaner.m in Sources */,
				45760F1719EB9383004640D7 /* ClientDetailController.m in Sources */,
				458FCD5F19EFF2F9000E6E66 /* JobQueue.m in Sources */,
				45C4A96519ED5B3A001EB55C /* NSMutableAttributedString+Attributes.m in Sources */,
				45760EDE19EB8477004640D7 /* main.m in Sources */,
				45201A0D19FDB79F008F19EA /* UIActionSheet+Blocks.m in Sources */,
				45760F1319EB86EE004640D7 /* PLPartyTime.m in Sources */,
			);
			runOnlyForDeploymentPostprocessing = 0;
		};
		45760EED19EB8477004640D7 /* Sources */ = {
			isa = PBXSourcesBuildPhase;
			buildActionMask = 2147483647;
			files = (
				45760EF819EB8477004640D7 /* CleanerTests.m in Sources */,
			);
			runOnlyForDeploymentPostprocessing = 0;
		};
/* End PBXSourcesBuildPhase section */

/* Begin PBXTargetDependency section */
		45760EF319EB8477004640D7 /* PBXTargetDependency */ = {
			isa = PBXTargetDependency;
			target = 45760ED719EB8477004640D7 /* Cleaner */;
			targetProxy = 45760EF219EB8477004640D7 /* PBXContainerItemProxy */;
		};
/* End PBXTargetDependency section */

/* Begin PBXVariantGroup section */
		45760EE519EB8477004640D7 /* Main.storyboard */ = {
			isa = PBXVariantGroup;
			children = (
				45760EE619EB8477004640D7 /* Base */,
			);
			name = Main.storyboard;
			sourceTree = "<group>";
		};
		458797C419EEAF8A0022968F /* LaunchScreen.xib */ = {
			isa = PBXVariantGroup;
			children = (
				458797C519EEAF8A0022968F /* Base */,
			);
			name = LaunchScreen.xib;
			sourceTree = "<group>";
		};
/* End PBXVariantGroup section */

/* Begin XCBuildConfiguration section */
		455D3A2719FA6DDA0038E78F /* Debug */ = {
			isa = XCBuildConfiguration;
			buildSettings = {
				ASSETCATALOG_COMPILER_APPICON_NAME = AppIcon;
				ASSETCATALOG_COMPILER_LAUNCHIMAGE_NAME = LaunchImage;
				INFOPLIST_FILE = "Cleaner copy-Info.plist";
				IPHONEOS_DEPLOYMENT_TARGET = 7.0;
				LD_RUNPATH_SEARCH_PATHS = "$(inherited) @executable_path/Frameworks";
				PRODUCT_NAME = "Cleaner copy";
			};
			name = Debug;
		};
		455D3A2819FA6DDA0038E78F /* Release */ = {
			isa = XCBuildConfiguration;
			buildSettings = {
				ASSETCATALOG_COMPILER_APPICON_NAME = AppIcon;
				ASSETCATALOG_COMPILER_LAUNCHIMAGE_NAME = LaunchImage;
				INFOPLIST_FILE = "Cleaner copy-Info.plist";
				IPHONEOS_DEPLOYMENT_TARGET = 7.0;
				LD_RUNPATH_SEARCH_PATHS = "$(inherited) @executable_path/Frameworks";
				PRODUCT_NAME = "Cleaner copy";
			};
			name = Release;
		};
		45760EF919EB8477004640D7 /* Debug */ = {
			isa = XCBuildConfiguration;
			buildSettings = {
				ALWAYS_SEARCH_USER_PATHS = NO;
				CLANG_CXX_LANGUAGE_STANDARD = "gnu++0x";
				CLANG_CXX_LIBRARY = "libc++";
				CLANG_ENABLE_MODULES = YES;
				CLANG_ENABLE_OBJC_ARC = YES;
				CLANG_WARN_BOOL_CONVERSION = YES;
				CLANG_WARN_CONSTANT_CONVERSION = YES;
				CLANG_WARN_DIRECT_OBJC_ISA_USAGE = YES_ERROR;
				CLANG_WARN_EMPTY_BODY = YES;
				CLANG_WARN_ENUM_CONVERSION = YES;
				CLANG_WARN_INT_CONVERSION = YES;
				CLANG_WARN_OBJC_ROOT_CLASS = YES_ERROR;
				CLANG_WARN_UNREACHABLE_CODE = YES;
				CLANG_WARN__DUPLICATE_METHOD_MATCH = YES;
				CODE_SIGN_IDENTITY = "iPhone Developer: yunas qazi (6VMDJ6GATE)";
				COPY_PHASE_STRIP = NO;
				ENABLE_STRICT_OBJC_MSGSEND = YES;
				GCC_C_LANGUAGE_STANDARD = gnu99;
				GCC_DYNAMIC_NO_PIC = NO;
				GCC_OPTIMIZATION_LEVEL = 0;
				GCC_PREFIX_HEADER = "$(SRCROOT)/CleanerTests/Cleaner-prefix.pch";
				GCC_PREPROCESSOR_DEFINITIONS = (
					"DEBUG=1",
					"$(inherited)",
				);
				GCC_SYMBOLS_PRIVATE_EXTERN = NO;
				GCC_WARN_64_TO_32_BIT_CONVERSION = YES;
				GCC_WARN_ABOUT_RETURN_TYPE = YES_ERROR;
				GCC_WARN_UNDECLARED_SELECTOR = YES;
				GCC_WARN_UNINITIALIZED_AUTOS = YES_AGGRESSIVE;
				GCC_WARN_UNUSED_FUNCTION = YES;
				GCC_WARN_UNUSED_VARIABLE = YES;
				IPHONEOS_DEPLOYMENT_TARGET = 7.0;
				MTL_ENABLE_DEBUG_INFO = YES;
				ONLY_ACTIVE_ARCH = YES;
				PROVISIONING_PROFILE = "39af6a4f-571c-4e92-aaf2-ba38c3648ca6";
				SDKROOT = iphoneos;
				TARGETED_DEVICE_FAMILY = "1,2";
			};
			name = Debug;
		};
		45760EFA19EB8477004640D7 /* Release */ = {
			isa = XCBuildConfiguration;
			buildSettings = {
				ALWAYS_SEARCH_USER_PATHS = NO;
				CLANG_CXX_LANGUAGE_STANDARD = "gnu++0x";
				CLANG_CXX_LIBRARY = "libc++";
				CLANG_ENABLE_MODULES = YES;
				CLANG_ENABLE_OBJC_ARC = YES;
				CLANG_WARN_BOOL_CONVERSION = YES;
				CLANG_WARN_CONSTANT_CONVERSION = YES;
				CLANG_WARN_DIRECT_OBJC_ISA_USAGE = YES_ERROR;
				CLANG_WARN_EMPTY_BODY = YES;
				CLANG_WARN_ENUM_CONVERSION = YES;
				CLANG_WARN_INT_CONVERSION = YES;
				CLANG_WARN_OBJC_ROOT_CLASS = YES_ERROR;
				CLANG_WARN_UNREACHABLE_CODE = YES;
				CLANG_WARN__DUPLICATE_METHOD_MATCH = YES;
				CODE_SIGN_IDENTITY = "iPhone Developer: yunas qazi (6VMDJ6GATE)";
				COPY_PHASE_STRIP = YES;
				ENABLE_NS_ASSERTIONS = NO;
				ENABLE_STRICT_OBJC_MSGSEND = YES;
				GCC_C_LANGUAGE_STANDARD = gnu99;
				GCC_PREFIX_HEADER = "$(SRCROOT)/CleanerTests/Cleaner-prefix.pch";
				GCC_WARN_64_TO_32_BIT_CONVERSION = YES;
				GCC_WARN_ABOUT_RETURN_TYPE = YES_ERROR;
				GCC_WARN_UNDECLARED_SELECTOR = YES;
				GCC_WARN_UNINITIALIZED_AUTOS = YES_AGGRESSIVE;
				GCC_WARN_UNUSED_FUNCTION = YES;
				GCC_WARN_UNUSED_VARIABLE = YES;
				IPHONEOS_DEPLOYMENT_TARGET = 7.0;
				MTL_ENABLE_DEBUG_INFO = NO;
				PROVISIONING_PROFILE = "39af6a4f-571c-4e92-aaf2-ba38c3648ca6";
				SDKROOT = iphoneos;
				TARGETED_DEVICE_FAMILY = "1,2";
				VALIDATE_PRODUCT = YES;
			};
			name = Release;
		};
		45760EFC19EB8477004640D7 /* Debug */ = {
			isa = XCBuildConfiguration;
			buildSettings = {
				ASSETCATALOG_COMPILER_APPICON_NAME = AppIcon;
				ASSETCATALOG_COMPILER_LAUNCHIMAGE_NAME = LaunchImage;
				CODE_SIGN_IDENTITY = "iPhone Distribution: MetaDesign AG";
				INFOPLIST_FILE = Cleaner/Info.plist;
				IPHONEOS_DEPLOYMENT_TARGET = 7.0;
				LD_RUNPATH_SEARCH_PATHS = "$(inherited) @executable_path/Frameworks";
				PRODUCT_NAME = "$(TARGET_NAME)";
				PROVISIONING_PROFILE = "9f41fabd-7a6c-4206-afe4-01349648aaff";
			};
			name = Debug;
		};
		45760EFD19EB8477004640D7 /* Release */ = {
			isa = XCBuildConfiguration;
			buildSettings = {
				ASSETCATALOG_COMPILER_APPICON_NAME = AppIcon;
				ASSETCATALOG_COMPILER_LAUNCHIMAGE_NAME = LaunchImage;
				CODE_SIGN_IDENTITY = "iPhone Distribution: MetaDesign AG";
				INFOPLIST_FILE = Cleaner/Info.plist;
				IPHONEOS_DEPLOYMENT_TARGET = 7.0;
				LD_RUNPATH_SEARCH_PATHS = "$(inherited) @executable_path/Frameworks";
				PRODUCT_NAME = "$(TARGET_NAME)";
				PROVISIONING_PROFILE = "9f41fabd-7a6c-4206-afe4-01349648aaff";
			};
			name = Release;
		};
		45760EFF19EB8477004640D7 /* Debug */ = {
			isa = XCBuildConfiguration;
			buildSettings = {
				BUNDLE_LOADER = "$(TEST_HOST)";
				FRAMEWORK_SEARCH_PATHS = (
					"$(SDKROOT)/Developer/Library/Frameworks",
					"$(inherited)",
				);
				GCC_PREPROCESSOR_DEFINITIONS = (
					"DEBUG=1",
					"$(inherited)",
				);
				INFOPLIST_FILE = CleanerTests/Info.plist;
				LD_RUNPATH_SEARCH_PATHS = "$(inherited) @executable_path/Frameworks @loader_path/Frameworks";
				PRODUCT_NAME = "$(TARGET_NAME)";
				TEST_HOST = "$(BUILT_PRODUCTS_DIR)/Cleaner.app/Cleaner";
			};
			name = Debug;
		};
		45760F0019EB8477004640D7 /* Release */ = {
			isa = XCBuildConfiguration;
			buildSettings = {
				BUNDLE_LOADER = "$(TEST_HOST)";
				FRAMEWORK_SEARCH_PATHS = (
					"$(SDKROOT)/Developer/Library/Frameworks",
					"$(inherited)",
				);
				INFOPLIST_FILE = CleanerTests/Info.plist;
				LD_RUNPATH_SEARCH_PATHS = "$(inherited) @executable_path/Frameworks @loader_path/Frameworks";
				PRODUCT_NAME = "$(TARGET_NAME)";
				TEST_HOST = "$(BUILT_PRODUCTS_DIR)/Cleaner.app/Cleaner";
			};
			name = Release;
		};
/* End XCBuildConfiguration section */

/* Begin XCConfigurationList section */
		455D3A2619FA6DDA0038E78F /* Build configuration list for PBXNativeTarget "DevCleaner" */ = {
			isa = XCConfigurationList;
			buildConfigurations = (
				455D3A2719FA6DDA0038E78F /* Debug */,
				455D3A2819FA6DDA0038E78F /* Release */,
			);
			defaultConfigurationIsVisible = 0;
			defaultConfigurationName = Release;
		};
		45760ED319EB8477004640D7 /* Build configuration list for PBXProject "Cleaner" */ = {
			isa = XCConfigurationList;
			buildConfigurations = (
				45760EF919EB8477004640D7 /* Debug */,
				45760EFA19EB8477004640D7 /* Release */,
			);
			defaultConfigurationIsVisible = 0;
			defaultConfigurationName = Release;
		};
		45760EFB19EB8477004640D7 /* Build configuration list for PBXNativeTarget "Cleaner" */ = {
			isa = XCConfigurationList;
			buildConfigurations = (
				45760EFC19EB8477004640D7 /* Debug */,
				45760EFD19EB8477004640D7 /* Release */,
			);
			defaultConfigurationIsVisible = 0;
			defaultConfigurationName = Release;
		};
		45760EFE19EB8477004640D7 /* Build configuration list for PBXNativeTarget "CleanerTests" */ = {
			isa = XCConfigurationList;
			buildConfigurations = (
				45760EFF19EB8477004640D7 /* Debug */,
				45760F0019EB8477004640D7 /* Release */,
			);
			defaultConfigurationIsVisible = 0;
			defaultConfigurationName = Release;
		};
/* End XCConfigurationList section */
	};
	rootObject = 45760ED019EB8477004640D7 /* Project object */;
}
